
Microsoft Visual Studio Solution File, Format Version 12.00
# Visual Studio Version 17
VisualStudioVersion = 17.5.33516.290
MinimumVisualStudioVersion = 10.0.40219.1
Project("{FAE04EC0-301F-11D3-BF4B-00C04F79EFBC}") = "zadanie 1 var19", "zadanie 1 var19\zadanie 1 var19.csproj", "{023BBB58-CB26-4C2E-ADA7-4C02CB9E5FB9}"
EndProject
Global
	GlobalSection(SolutionConfigurationPlatforms) = preSolution
		Debug|Any CPU = Debug|Any CPU
		Release|Any CPU = Release|Any CPU
	EndGlobalSection
	GlobalSection(ProjectConfigurationPlatforms) = postSolution
		{023BBB58-CB26-4C2E-ADA7-4C02CB9E5FB9}.Debug|Any CPU.ActiveCfg = Debug|Any CPU
		{023BBB58-CB26-4C2E-ADA7-4C02CB9E5FB9}.Debug|Any CPU.Build.0 = Debug|Any CPU
		{023BBB58-CB26-4C2E-ADA7-4C02CB9E5FB9}.Release|Any CPU.ActiveCfg = Release|Any CPU
		{023BBB58-CB26-4C2E-ADA7-4C02CB9E5FB9}.Release|Any CPU.Build.0 = Release|Any CPU
	EndGlobalSection
	GlobalSection(SolutionProperties) = preSolution
		HideSolutionNode = FALSE
	EndGlobalSection
	GlobalSection(ExtensibilityGlobals) = postSolution
		SolutionGuid = {70F102C3-B36B-465E-84FF-926418DC5463}
	EndGlobalSection
EndGlobal
